{
    "_meta": {
        "hash": {
            "sha256": "83e2746510f59a69f68e5ddf53ed86c9b6f34c42786068191924cb641bbe708c"
        },
        "host-environment-markers": {
            "implementation_name": "cpython",
            "implementation_version": "3.6.5",
            "os_name": "posix",
            "platform_machine": "x86_64",
            "platform_python_implementation": "CPython",
            "platform_release": "4.19.10-gentoo",
            "platform_system": "Linux",
            "platform_version": "#10 SMP Thu Feb 28 09:42:47 CET 2019",
            "python_full_version": "3.6.5",
            "python_version": "3.6",
            "sys_platform": "linux"
        },
        "pipfile-spec": 6,
        "requires": {},
        "sources": [
            {
                "name": "pypi",
                "url": "https://pypi.python.org/simple",
                "verify_ssl": true
            }
        ]
    },
    "default": {
        "beautifulsoup4": {
            "hashes": [
                "sha256:ba6d5c59906a85ac23dadfe5c88deaf3e179ef565f4898671253e50a78680718",
                "sha256:034740f6cb549b4e932ae1ab975581e6103ac8f942200a0e9759065984391858",
                "sha256:945065979fb8529dd2f37dbb58f00b661bdbcbebf954f93b32fdf5263ef35348"
            ],
            "version": "==4.7.1"
        },
        "soupsieve": {
            "hashes": [
                "sha256:afa56bf14907bb09403e5d15fbed6275caa4174d36b975226e3b67a3bb6e2c4b",
                "sha256:eaed742b48b1f3e2d45ba6f79401b2ed5dc33b2123dfe216adb90d4bfa0ade26"
            ],
            "version": "==1.8"
        }
    },
    "develop": {}
}
